PODS:
  - AFNetworking/NSURLSession (4.0.1):
    - AFNetworking/Reachability
    - AFNetworking/Security
    - AFNetworking/Serialization
  - AFNetworking/Reachability (4.0.1)
  - AFNetworking/Security (4.0.1)
  - AFNetworking/Serialization (4.0.1)
  - CYLTabBarController (1.29.2):
    - CYLTabBarController/Core (= 1.29.2)
  - CYLTabBarController/Core (1.29.2)
  - LookinServer (1.1.2):
    - LookinServer/Core (= 1.1.2)
  - LookinServer/Core (1.1.2)
  - Masonry (1.1.0)
  - MBProgressHUD (1.2.0)
  - MJRefresh (3.7.5)
  - PYSearch (0.9.1)
  - SDCycleScrollView (1.82):
    - SDWebImage (>= 5.0.0)
  - SDWebImage (5.14.2):
    - SDWebImage/Core (= 5.14.2)
  - SDWebImage/Core (5.14.2)
  - UICollectionViewLeftAlignedLayout (1.0.2)
  - YPNavigationBarTransition (2.2.3)
  - YTKNetwork (3.0.6):
    - AFNetworking/NSURLSession (~> 4.0)
  - YYModel (1.0.4)
  - YYText (1.0.7)

DEPENDENCIES:
  - CYLTabBarController
  - LookinServer
  - Masonry
  - MBProgressHUD
  - MJRefresh
  - PYSearch
  - SDCycleScrollView (>= 1.82)
  - UICollectionViewLeftAlignedLayout
  - YPNavigationBarTransition
  - YTKNetwork
  - YYModel
  - YYText

SPEC REPOS:
  https://mirrors.tuna.tsinghua.edu.cn/git/CocoaPods/Specs.git:
    - AFNetworking
    - CYLTabBarController
    - LookinServer
    - Masonry
    - MBProgressHUD
    - MJRefresh
    - PYSearch
    - SDCycleScrollView
    - SDWebImage
    - UICollectionViewLeftAlignedLayout
    - YPNavigationBarTransition
    - YTKNetwork
    - YYModel
    - YYText

SPEC CHECKSUMS:
  AFNetworking: 7864c38297c79aaca1500c33288e429c3451fdce
  CYLTabBarController: db44b5901a28693a8a4279e4721b3aafdd36c178
  LookinServer: bb667a77f1ee594a8e91226e729dbe49f3401f5c
  Masonry: 678fab65091a9290e40e2832a55e7ab731aad201
  MBProgressHUD: 3ee5efcc380f6a79a7cc9b363dd669c5e1ae7406
  MJRefresh: fdf5e979eb406a0341468932d1dfc8b7f9fce961
  PYSearch: 76dee18eea3309b60921a5d6a69390a63a5dda15
  SDCycleScrollView: a0d74c3384caa72bdfc81470bdbc8c14b3e1fbcf
  SDWebImage: b9a731e1d6307f44ca703b3976d18c24ca561e84
  UICollectionViewLeftAlignedLayout: 830bf6fa5bab9f9b464f62e3384f9d2e00b3c0f6
  YPNavigationBarTransition: d3d8c0e4cced41dec43647832bb45737d79cc8b0
  YTKNetwork: c16be90b06be003de9e9cd0d3b187cc8eaf35c04
  YYModel: 2a7fdd96aaa4b86a824e26d0c517de8928c04b30
  YYText: 5c461d709e24d55a182d1441c41dc639a18a4849

PODFILE CHECKSUM: 59fff61b075fb4be82299e013be00ed4eba1e527

COCOAPODS: 1.11.3
